
Microsoft Visual Studio Solution File, Format Version 11.00
# Visual Studio 2010
Project("{FAE04EC0-301F-11D3-BF4B-00C04F79EFBC}") = "NHibernate.Lob", "NHibernate.Lob\NHibernate.Lob.csproj", "{6C14E813-80A3-406F-A582-6C10881B9E39}"
EndProject
Project("{FAE04EC0-301F-11D3-BF4B-00C04F79EFBC}") = "NHibernate.Lob.Tests", "NHibernate.Lob.Tests\NHibernate.Lob.Tests.csproj", "{05AFD024-A06F-4D6D-9BE2-18E34D4B92CC}"
EndProject
Project("{FAE04EC0-301F-11D3-BF4B-00C04F79EFBC}") = "NHibernate.Lob.Oracle", "NHibernate.Lob.Oracle\NHibernate.Lob.Oracle.csproj", "{B2478CCF-B176-49AE-BAA0-646C39D8D20C}"
EndProject
Project("{FAE04EC0-301F-11D3-BF4B-00C04F79EFBC}") = "NHibernate.Lob.SqlServer", "NHibernate.Lob.SqlServer\NHibernate.Lob.SqlServer.csproj", "{6E32CABB-5EE9-4344-BA06-BB7BC57C012A}"
EndProject
Project("{FAE04EC0-301F-11D3-BF4B-00C04F79EFBC}") = "Calyptus.Lob", "Calyptus.Lob\Calyptus.Lob.csproj", "{548E083F-F742-41B7-8971-6004E85907AA}"
EndProject
Project("{FAE04EC0-301F-11D3-BF4B-00C04F79EFBC}") = "NHibernate.Lob.PostgreSQL", "NHibernate.Lob.PostgreSQL\NHibernate.Lob.PostgreSQL.csproj", "{61E96990-9B52-4F0D-B8EF-0FA5741D1D22}"
EndProject
Project("{FAE04EC0-301F-11D3-BF4B-00C04F79EFBC}") = "FluentNHibernate.Lob", "FluentNHibernate.Lob\FluentNHibernate.Lob.csproj", "{7660D273-7EED-4CF2-97DB-3D18A01FF4B5}"
EndProject
Project("{FAE04EC0-301F-11D3-BF4B-00C04F79EFBC}") = "NHibernate.Lob.External.S3", "NHibernate.Lob.External.S3\NHibernate.Lob.External.S3.csproj", "{A3C37404-FF97-4896-92E7-634D5CCE6790}"
EndProject
Project("{2150E333-8FDC-42A3-9474-1A3956D46DE8}") = "Solution Items", "Solution Items", "{AD794D89-8B7C-4973-A7FF-A39DB4D35A14}"
	ProjectSection(SolutionItems) = preProject
		Local.testsettings = Local.testsettings
		NHibernate.Lob.vsmdi = NHibernate.Lob.vsmdi
		TraceAndTestImpact.testsettings = TraceAndTestImpact.testsettings
	EndProjectSection
EndProject
Global
	GlobalSection(TestCaseManagementSettings) = postSolution
		CategoryFile = NHibernate.Lob.vsmdi
	EndGlobalSection
	GlobalSection(SolutionConfigurationPlatforms) = preSolution
		Debug|Any CPU = Debug|Any CPU
		Release|Any CPU = Release|Any CPU
	EndGlobalSection
	GlobalSection(ProjectConfigurationPlatforms) = postSolution
		{6C14E813-80A3-406F-A582-6C10881B9E39}.Debug|Any CPU.ActiveCfg = Debug|Any CPU
		{6C14E813-80A3-406F-A582-6C10881B9E39}.Debug|Any CPU.Build.0 = Debug|Any CPU
		{6C14E813-80A3-406F-A582-6C10881B9E39}.Release|Any CPU.ActiveCfg = Release|Any CPU
		{6C14E813-80A3-406F-A582-6C10881B9E39}.Release|Any CPU.Build.0 = Release|Any CPU
		{05AFD024-A06F-4D6D-9BE2-18E34D4B92CC}.Debug|Any CPU.ActiveCfg = Debug|Any CPU
		{05AFD024-A06F-4D6D-9BE2-18E34D4B92CC}.Debug|Any CPU.Build.0 = Debug|Any CPU
		{05AFD024-A06F-4D6D-9BE2-18E34D4B92CC}.Release|Any CPU.ActiveCfg = Release|Any CPU
		{05AFD024-A06F-4D6D-9BE2-18E34D4B92CC}.Release|Any CPU.Build.0 = Release|Any CPU
		{B2478CCF-B176-49AE-BAA0-646C39D8D20C}.Debug|Any CPU.ActiveCfg = Debug|Any CPU
		{B2478CCF-B176-49AE-BAA0-646C39D8D20C}.Debug|Any CPU.Build.0 = Debug|Any CPU
		{B2478CCF-B176-49AE-BAA0-646C39D8D20C}.Release|Any CPU.ActiveCfg = Release|Any CPU
		{B2478CCF-B176-49AE-BAA0-646C39D8D20C}.Release|Any CPU.Build.0 = Release|Any CPU
		{6E32CABB-5EE9-4344-BA06-BB7BC57C012A}.Debug|Any CPU.ActiveCfg = Debug|Any CPU
		{6E32CABB-5EE9-4344-BA06-BB7BC57C012A}.Debug|Any CPU.Build.0 = Debug|Any CPU
		{6E32CABB-5EE9-4344-BA06-BB7BC57C012A}.Release|Any CPU.ActiveCfg = Release|Any CPU
		{6E32CABB-5EE9-4344-BA06-BB7BC57C012A}.Release|Any CPU.Build.0 = Release|Any CPU
		{548E083F-F742-41B7-8971-6004E85907AA}.Debug|Any CPU.ActiveCfg = Debug|Any CPU
		{548E083F-F742-41B7-8971-6004E85907AA}.Debug|Any CPU.Build.0 = Debug|Any CPU
		{548E083F-F742-41B7-8971-6004E85907AA}.Release|Any CPU.ActiveCfg = Release|Any CPU
		{548E083F-F742-41B7-8971-6004E85907AA}.Release|Any CPU.Build.0 = Release|Any CPU
		{61E96990-9B52-4F0D-B8EF-0FA5741D1D22}.Debug|Any CPU.ActiveCfg = Debug|Any CPU
		{61E96990-9B52-4F0D-B8EF-0FA5741D1D22}.Debug|Any CPU.Build.0 = Debug|Any CPU
		{61E96990-9B52-4F0D-B8EF-0FA5741D1D22}.Release|Any CPU.ActiveCfg = Release|Any CPU
		{61E96990-9B52-4F0D-B8EF-0FA5741D1D22}.Release|Any CPU.Build.0 = Release|Any CPU
		{7660D273-7EED-4CF2-97DB-3D18A01FF4B5}.Debug|Any CPU.ActiveCfg = Debug|Any CPU
		{7660D273-7EED-4CF2-97DB-3D18A01FF4B5}.Debug|Any CPU.Build.0 = Debug|Any CPU
		{7660D273-7EED-4CF2-97DB-3D18A01FF4B5}.Release|Any CPU.ActiveCfg = Release|Any CPU
		{7660D273-7EED-4CF2-97DB-3D18A01FF4B5}.Release|Any CPU.Build.0 = Release|Any CPU
		{A3C37404-FF97-4896-92E7-634D5CCE6790}.Debug|Any CPU.ActiveCfg = Debug|Any CPU
		{A3C37404-FF97-4896-92E7-634D5CCE6790}.Debug|Any CPU.Build.0 = Debug|Any CPU
		{A3C37404-FF97-4896-92E7-634D5CCE6790}.Release|Any CPU.ActiveCfg = Release|Any CPU
		{A3C37404-FF97-4896-92E7-634D5CCE6790}.Release|Any CPU.Build.0 = Release|Any CPU
	EndGlobalSection
	GlobalSection(SolutionProperties) = preSolution
		HideSolutionNode = FALSE
	EndGlobalSection
EndGlobal
